// !$*UTF8*$!
{
	archiveVersion = 1;
	classes = {
	};
	objectVersion = 46;
	objects = {

/* Begin PBXBuildFile section */
		123A4CCB19CDDD9000E1EA54 /* AlbertEinsteinStamp.jpg in Resources */ = {isa = PBXBuildFile; fileRef = 123A4CCA19CDDD9000E1EA54 /* AlbertEinsteinStamp.jpg */; };
		126C820919CB7139003161C0 /* AppDelegate.swift in Sources */ = {isa = PBXBuildFile; fileRef = 126C820819CB7139003161C0 /* AppDelegate.swift */; };
		126C820B19CB7139003161C0 /* ViewController.swift in Sources */ = {isa = PBXBuildFile; fileRef = 126C820A19CB7139003161C0 /* ViewController.swift */; };
		126C820E19CB7139003161C0 /* Main.storyboard in Resources */ = {isa = PBXBuildFile; fileRef = 126C820C19CB7139003161C0 /* Main.storyboard */; };
		126C821019CB7139003161C0 /* Images.xcassets in Resources */ = {isa = PBXBuildFile; fileRef = 126C820F19CB7139003161C0 /* Images.xcassets */; };
		126C821319CB7139003161C0 /* LaunchScreen.xib in Resources */ = {isa = PBXBuildFile; fileRef = 126C821119CB7139003161C0 /* LaunchScreen.xib */; };
		126C821F19CB7139003161C0 /* PostcardTests.swift in Sources */ = {isa = PBXBuildFile; fileRef = 126C821E19CB7139003161C0 /* PostcardTests.swift */; };
		126C822919CB774F003161C0 /* SagradaFamilia.jpeg in Resources */ = {isa = PBXBuildFile; fileRef = 126C822819CB774F003161C0 /* SagradaFamilia.jpeg */; };
/* End PBXBuildFile section */

/* Begin PBXContainerItemProxy section */
		126C821919CB7139003161C0 /* PBXContainerItemProxy */ = {
			isa = PBXContainerItemProxy;
			containerPortal = 126C81FB19CB7139003161C0 /* Project object */;
			proxyType = 1;
			remoteGlobalIDString = 126C820219CB7139003161C0;
			remoteInfo = Postcard;
		};
/* End PBXContainerItemProxy section */

/* Begin PBXFileReference section */
		123A4CCA19CDDD9000E1EA54 /* AlbertEinsteinStamp.jpg */ = {isa = PBXFileReference; lastKnownFileType = image.jpeg; path = AlbertEinsteinStamp.jpg; sourceTree = "<group>"; };
		126C820319CB7139003161C0 /* Postcard.app */ = {isa = PBXFileReference; explicitFileType = wrapper.application; includeInIndex = 0; path = Postcard.app; sourceTree = BUILT_PRODUCTS_DIR; };
		126C820719CB7139003161C0 /* Info.plist */ = {isa = PBXFileReference; lastKnownFileType = text.plist.xml; path = Info.plist; sourceTree = "<group>"; };
		126C820819CB7139003161C0 /* AppDelegate.swift */ = {isa = PBXFileReference; lastKnownFileType = sourcecode.swift; path = AppDelegate.swift; sourceTree = "<group>"; };
		126C820A19CB7139003161C0 /* ViewController.swift */ = {isa = PBXFileReference; lastKnownFileType = sourcecode.swift; path = ViewController.swift; sourceTree = "<group>"; };
		126C820D19CB7139003161C0 /* Base */ = {isa = PBXFileReference; lastKnownFileType = file.storyboard; name = Base; path = Base.lproj/Main.storyboard; sourceTree = "<group>"; };
		126C820F19CB7139003161C0 /* Images.xcassets */ = {isa = PBXFileReference; lastKnownFileType = folder.assetcatalog; path = Images.xcassets; sourceTree = "<group>"; };
		126C821219CB7139003161C0 /* Base */ = {isa = PBXFileReference; lastKnownFileType = file.xib; name = Base; path = Base.lproj/LaunchScreen.xib; sourceTree = "<group>"; };
		126C821819CB7139003161C0 /* PostcardTests.xctest */ = {isa = PBXFileReference; explicitFileType = wrapper.cfbundle; includeInIndex = 0; path = PostcardTests.xctest; sourceTree = BUILT_PRODUCTS_DIR; };
		126C821D19CB7139003161C0 /* Info.plist */ = {isa = PBXFileReference; lastKnownFileType = text.plist.xml; path = Info.plist; sourceTree = "<group>"; };
		126C821E19CB7139003161C0 /* PostcardTests.swift */ = {isa = PBXFileReference; lastKnownFileType = sourcecode.swift; path = PostcardTests.swift; sourceTree = "<group>"; };
		126C822819CB774F003161C0 /* SagradaFamilia.jpeg */ = {isa = PBXFileReference; lastKnownFileType = image.jpeg; path = SagradaFamilia.jpeg; sourceTree = "<group>"; };
/* End PBXFileReference section */

/* Begin PBXFrameworksBuildPhase section */
		126C820019CB7139003161C0 /* Frameworks */ = {
			isa = PBXFrameworksBuildPhase;
			buildActionMask = 2147483647;
			files = (
			);
			runOnlyForDeploymentPostprocessing = 0;
		};
		126C821519CB7139003161C0 /* Frameworks */ = {
			isa = PBXFrameworksBuildPhase;
			buildActionMask = 2147483647;
			files = (
			);
			runOnlyForDeploymentPostprocessing = 0;
		};
/* End PBXFrameworksBuildPhase section */

/* Begin PBXGroup section */
		126C81FA19CB7139003161C0 = {
			isa = PBXGroup;
			children = (
				126C820519CB7139003161C0 /* Postcard */,
				126C821B19CB7139003161C0 /* PostcardTests */,
				126C820419CB7139003161C0 /* Products */,
			);
			sourceTree = "<group>";
		};
		126C820419CB7139003161C0 /* Products */ = {
			isa = PBXGroup;
			children = (
				126C820319CB7139003161C0 /* Postcard.app */,
				126C821819CB7139003161C0 /* PostcardTests.xctest */,
			);
			name = Products;
			sourceTree = "<group>";
		};
		126C820519CB7139003161C0 /* Postcard */ = {
			isa = PBXGroup;
			children = (
				126C820819CB7139003161C0 /* AppDelegate.swift */,
				126C820A19CB7139003161C0 /* ViewController.swift */,
				126C820C19CB7139003161C0 /* Main.storyboard */,
				126C820F19CB7139003161C0 /* Images.xcassets */,
				126C821119CB7139003161C0 /* LaunchScreen.xib */,
				126C820619CB7139003161C0 /* Supporting Files */,
			);
			path = Postcard;
			sourceTree = "<group>";
		};
		126C820619CB7139003161C0 /* Supporting Files */ = {
			isa = PBXGroup;
			children = (
				123A4CCA19CDDD9000E1EA54 /* AlbertEinsteinStamp.jpg */,
				126C822819CB774F003161C0 /* SagradaFamilia.jpeg */,
				126C820719CB7139003161C0 /* Info.plist */,
			);
			name = "Supporting Files";
			sourceTree = "<group>";
		};
		126C821B19CB7139003161C0 /* PostcardTests */ = {
			isa = PBXGroup;
			children = (
				126C821E19CB7139003161C0 /* PostcardTests.swift */,
				126C821C19CB7139003161C0 /* Supporting Files */,
			);
			path = PostcardTests;
			sourceTree = "<group>";
		};
		126C821C19CB7139003161C0 /* Supporting Files */ = {
			isa = PBXGroup;
			children = (
				126C821D19CB7139003161C0 /* Info.plist */,
			);
			name = "Supporting Files";
			sourceTree = "<group>";
		};
/* End PBXGroup section */

/* Begin PBXNativeTarget section */
		126C820219CB7139003161C0 /* Postcard */ = {
			isa = PBXNativeTarget;
			buildConfigurationList = 126C822219CB7139003161C0 /* Build configuration list for PBXNativeTarget "Postcard" */;
			buildPhases = (
				126C81FF19CB7139003161C0 /* Sources */,
				126C820019CB7139003161C0 /* Frameworks */,
				126C820119CB7139003161C0 /* Resources */,
			);
			buildRules = (
			);
			dependencies = (
			);
			name = Postcard;
			productName = Postcard;
			productReference = 126C820319CB7139003161C0 /* Postcard.app */;
			productType = "com.apple.product-type.application";
		};
		126C821719CB7139003161C0 /* PostcardTests */ = {
			isa = PBXNativeTarget;
			buildConfigurationList = 126C822519CB7139003161C0 /* Build configuration list for PBXNativeTarget "PostcardTests" */;
			buildPhases = (
				126C821419CB7139003161C0 /* Sources */,
				126C821519CB7139003161C0 /* Frameworks */,
				126C821619CB7139003161C0 /* Resources */,
			);
			buildRules = (
			);
			dependencies = (
				126C821A19CB7139003161C0 /* PBXTargetDependency */,
			);
			name = PostcardTests;
			productName = PostcardTests;
			productReference = 126C821819CB7139003161C0 /* PostcardTests.xctest */;
			productType = "com.apple.product-type.bundle.unit-test";
		};
/* End PBXNativeTarget section */

/* Begin PBXProject section */
		126C81FB19CB7139003161C0 /* Project object */ = {
			isa = PBXProject;
			attributes = {
				LastUpgradeCheck = 0600;
				ORGANIZATIONNAME = SS;
				TargetAttributes = {
					126C820219CB7139003161C0 = {
						CreatedOnToolsVersion = 6.0.1;
					};
					126C821719CB7139003161C0 = {
						CreatedOnToolsVersion = 6.0.1;
						TestTargetID = 126C820219CB7139003161C0;
					};
				};
			};
			buildConfigurationList = 126C81FE19CB7139003161C0 /* Build configuration list for PBXProject "Postcard" */;
			compatibilityVersion = "Xcode 3.2";
			developmentRegion = English;
			hasScannedForEncodings = 0;
			knownRegions = (
				en,
				Base,
			);
			mainGroup = 126C81FA19CB7139003161C0;
			productRefGroup = 126C820419CB7139003161C0 /* Products */;
			projectDirPath = "";
			projectRoot = "";
			targets = (
				126C820219CB7139003161C0 /* Postcard */,
				126C821719CB7139003161C0 /* PostcardTests */,
			);
		};
/* End PBXProject section */

/* Begin PBXResourcesBuildPhase section */
		126C820119CB7139003161C0 /* Resources */ = {
			isa = PBXResourcesBuildPhase;
			buildActionMask = 2147483647;
			files = (
				126C820E19CB7139003161C0 /* Main.storyboard in Resources */,
				126C822919CB774F003161C0 /* SagradaFamilia.jpeg in Resources */,
				123A4CCB19CDDD9000E1EA54 /* AlbertEinsteinStamp.jpg in Resources */,
				126C821319CB7139003161C0 /* LaunchScreen.xib in Resources */,
				126C821019CB7139003161C0 /* Images.xcassets in Resources */,
			);
			runOnlyForDeploymentPostprocessing = 0;
		};
		126C821619CB7139003161C0 /* Resources */ = {
			isa = PBXResourcesBuildPhase;
			buildActionMask = 2147483647;
			files = (
			);
			runOnlyForDeploymentPostprocessing = 0;
		};
/* End PBXResourcesBuildPhase section */

/* Begin PBXSourcesBuildPhase section */
		126C81FF19CB7139003161C0 /* Sources */ = {
			isa = PBXSourcesBuildPhase;
			buildActionMask = 2147483647;
			files = (
				126C820B19CB7139003161C0 /* ViewController.swift in Sources */,
				126C820919CB7139003161C0 /* AppDelegate.swift in Sources */,
			);
			runOnlyForDeploymentPostprocessing = 0;
		};
		126C821419CB7139003161C0 /* Sources */ = {
			isa = PBXSourcesBuildPhase;
			buildActionMask = 2147483647;
			files = (
				126C821F19CB7139003161C0 /* PostcardTests.swift in Sources */,
			);
			runOnlyForDeploymentPostprocessing = 0;
		};
/* End PBXSourcesBuildPhase section */

/* Begin PBXTargetDependency section */
		126C821A19CB7139003161C0 /* PBXTargetDependency */ = {
			isa = PBXTargetDependency;
			target = 126C820219CB7139003161C0 /* Postcard */;
			targetProxy = 126C821919CB7139003161C0 /* PBXContainerItemProxy */;
		};
/* End PBXTargetDependency section */

/* Begin PBXVariantGroup section */
		126C820C19CB7139003161C0 /* Main.storyboard */ = {
			isa = PBXVariantGroup;
			children = (
				126C820D19CB7139003161C0 /* Base */,
			);
			name = Main.storyboard;
			sourceTree = "<group>";
		};
		126C821119CB7139003161C0 /* LaunchScreen.xib */ = {
			isa = PBXVariantGroup;
			children = (
				126C821219CB7139003161C0 /* Base */,
			);
			name = LaunchScreen.xib;
			sourceTree = "<group>";
		};
/* End PBXVariantGroup section */

/* Begin XCBuildConfiguration section */
		126C822019CB7139003161C0 /* Debug */ = {
			isa = XCBuildConfiguration;
			buildSettings = {
				ALWAYS_SEARCH_USER_PATHS = NO;
				CLANG_CXX_LANGUAGE_STANDARD = "gnu++0x";
				CLANG_CXX_LIBRARY = "libc++";
				CLANG_ENABLE_MODULES = YES;
				CLANG_ENABLE_OBJC_ARC = YES;
				CLANG_WARN_BOOL_CONVERSION = YES;
				CLANG_WARN_CONSTANT_CONVERSION = YES;
				CLANG_WARN_DIRECT_OBJC_ISA_USAGE = YES_ERROR;
				CLANG_WARN_EMPTY_BODY = YES;
				CLANG_WARN_ENUM_CONVERSION = YES;
				CLANG_WARN_INT_CONVERSION = YES;
				CLANG_WARN_OBJC_ROOT_CLASS = YES_ERROR;
				CLANG_WARN_UNREACHABLE_CODE = YES;
				CLANG_WARN__DUPLICATE_METHOD_MATCH = YES;
				"CODE_SIGN_IDENTITY[sdk=iphoneos*]" = "iPhone Developer";
				COPY_PHASE_STRIP = NO;
				ENABLE_STRICT_OBJC_MSGSEND = YES;
				GCC_C_LANGUAGE_STANDARD = gnu99;
				GCC_DYNAMIC_NO_PIC = NO;
				GCC_OPTIMIZATION_LEVEL = 0;
				GCC_PREPROCESSOR_DEFINITIONS = (
					"DEBUG=1",
					"$(inherited)",
				);
				GCC_SYMBOLS_PRIVATE_EXTERN = NO;
				GCC_WARN_64_TO_32_BIT_CONVERSION = YES;
				GCC_WARN_ABOUT_RETURN_TYPE = YES_ERROR;
				GCC_WARN_UNDECLARED_SELECTOR = YES;
				GCC_WARN_UNINITIALIZED_AUTOS = YES_AGGRESSIVE;
				GCC_WARN_UNUSED_FUNCTION = YES;
				GCC_WARN_UNUSED_VARIABLE = YES;
				IPHONEOS_DEPLOYMENT_TARGET = 8.0;
				MTL_ENABLE_DEBUG_INFO = YES;
				ONLY_ACTIVE_ARCH = YES;
				SDKROOT = iphoneos;
				SWIFT_OPTIMIZATION_LEVEL = "-Onone";
			};
			name = Debug;
		};
		126C822119CB7139003161C0 /* Release */ = {
			isa = XCBuildConfiguration;
			buildSettings = {
				ALWAYS_SEARCH_USER_PATHS = NO;
				CLANG_CXX_LANGUAGE_STANDARD = "gnu++0x";
				CLANG_CXX_LIBRARY = "libc++";
				CLANG_ENABLE_MODULES = YES;
				CLANG_ENABLE_OBJC_ARC = YES;
				CLANG_WARN_BOOL_CONVERSION = YES;
				CLANG_WARN_CONSTANT_CONVERSION = YES;
				CLANG_WARN_DIRECT_OBJC_ISA_USAGE = YES_ERROR;
				CLANG_WARN_EMPTY_BODY = YES;
				CLANG_WARN_ENUM_CONVERSION = YES;
				CLANG_WARN_INT_CONVERSION = YES;
				CLANG_WARN_OBJC_ROOT_CLASS = YES_ERROR;
				CLANG_WARN_UNREACHABLE_CODE = YES;
				CLANG_WARN__DUPLICATE_METHOD_MATCH = YES;
				"CODE_SIGN_IDENTITY[sdk=iphoneos*]" = "iPhone Developer";
				COPY_PHASE_STRIP = YES;
				ENABLE_NS_ASSERTIONS = NO;
				ENABLE_STRICT_OBJC_MSGSEND = YES;
				GCC_C_LANGUAGE_STANDARD = gnu99;
				GCC_WARN_64_TO_32_BIT_CONVERSION = YES;
				GCC_WARN_ABOUT_RETURN_TYPE = YES_ERROR;
				GCC_WARN_UNDECLARED_SELECTOR = YES;
				GCC_WARN_UNINITIALIZED_AUTOS = YES_AGGRESSIVE;
				GCC_WARN_UNUSED_FUNCTION = YES;
				GCC_WARN_UNUSED_VARIABLE = YES;
				IPHONEOS_DEPLOYMENT_TARGET = 8.0;
				MTL_ENABLE_DEBUG_INFO = NO;
				SDKROOT = iphoneos;
				VALIDATE_PRODUCT = YES;
			};
			name = Release;
		};
		126C822319CB7139003161C0 /* Debug */ = {
			isa = XCBuildConfiguration;
			buildSettings = {
				ASSETCATALOG_COMPILER_APPICON_NAME = AppIcon;
				INFOPLIST_FILE = Postcard/Info.plist;
				LD_RUNPATH_SEARCH_PATHS = "$(inherited) @executable_path/Frameworks";
				PRODUCT_NAME = "$(TARGET_NAME)";
			};
			name = Debug;
		};
		126C822419CB7139003161C0 /* Release */ = {
			isa = XCBuildConfiguration;
			buildSettings = {
				ASSETCATALOG_COMPILER_APPICON_NAME = AppIcon;
				INFOPLIST_FILE = Postcard/Info.plist;
				LD_RUNPATH_SEARCH_PATHS = "$(inherited) @executable_path/Frameworks";
				PRODUCT_NAME = "$(TARGET_NAME)";
			};
			name = Release;
		};
		126C822619CB7139003161C0 /* Debug */ = {
			isa = XCBuildConfiguration;
			buildSettings = {
				BUNDLE_LOADER = "$(TEST_HOST)";
				FRAMEWORK_SEARCH_PATHS = (
					"$(SDKROOT)/Developer/Library/Frameworks",
					"$(inherited)",
				);
				GCC_PREPROCESSOR_DEFINITIONS = (
					"DEBUG=1",
					"$(inherited)",
				);
				INFOPLIST_FILE = PostcardTests/Info.plist;
				LD_RUNPATH_SEARCH_PATHS = "$(inherited) @executable_path/Frameworks @loader_path/Frameworks";
				PRODUCT_NAME = "$(TARGET_NAME)";
				TEST_HOST = "$(BUILT_PRODUCTS_DIR)/Postcard.app/Postcard";
			};
			name = Debug;
		};
		126C822719CB7139003161C0 /* Release */ = {
			isa = XCBuildConfiguration;
			buildSettings = {
				BUNDLE_LOADER = "$(TEST_HOST)";
				FRAMEWORK_SEARCH_PATHS = (
					"$(SDKROOT)/Developer/Library/Frameworks",
					"$(inherited)",
				);
				INFOPLIST_FILE = PostcardTests/Info.plist;
				LD_RUNPATH_SEARCH_PATHS = "$(inherited) @executable_path/Frameworks @loader_path/Frameworks";
				PRODUCT_NAME = "$(TARGET_NAME)";
				TEST_HOST = "$(BUILT_PRODUCTS_DIR)/Postcard.app/Postcard";
			};
			name = Release;
		};
/* End XCBuildConfiguration section */

/* Begin XCConfigurationList section */
		126C81FE19CB7139003161C0 /* Build configuration list for PBXProject "Postcard" */ = {
			isa = XCConfigurationList;
			buildConfigurations = (
				126C822019CB7139003161C0 /* Debug */,
				126C822119CB7139003161C0 /* Release */,
			);
			defaultConfigurationIsVisible = 0;
			defaultConfigurationName = Release;
		};
		126C822219CB7139003161C0 /* Build configuration list for PBXNativeTarget "Postcard" */ = {
			isa = XCConfigurationList;
			buildConfigurations = (
				126C822319CB7139003161C0 /* Debug */,
				126C822419CB7139003161C0 /* Release */,
			);
			defaultConfigurationIsVisible = 0;
			defaultConfigurationName = Release;
		};
		126C822519CB7139003161C0 /* Build configuration list for PBXNativeTarget "PostcardTests" */ = {
			isa = XCConfigurationList;
			buildConfigurations = (
				126C822619CB7139003161C0 /* Debug */,
				126C822719CB7139003161C0 /* Release */,
			);
			defaultConfigurationIsVisible = 0;
			defaultConfigurationName = Release;
		};
/* End XCConfigurationList section */
	};
	rootObject = 126C81FB19CB7139003161C0 /* Project object */;
}
